
Microsoft Visual Studio Solution File, Format Version 12.00
# Visual Studio Version 17
VisualStudioVersion = 17.7.34024.191
MinimumVisualStudioVersion = 10.0.40219.1
Project("{9A19103F-16F7-4668-BE54-9A1E7A4F7556}") = "cloneapp", "cloneapp\cloneapp.csproj", "{9A2F0866-EE3C-4C62-957E-E73AA9FA97B4}"
EndProject
Project("{2150E333-8FDC-42A3-9474-1A3956D46DE8}") = "Solution Items", "Solution Items", "{8F628DA4-5FD7-497D-83BA-6063CD443382}"
	ProjectSection(SolutionItems) = preProject
		.editorconfig = .editorconfig
	EndProjectSection
EndProject
Global
	GlobalSection(SolutionConfigurationPlatforms) = preSolution
		Debug|Any CPU = Debug|Any CPU
		Release|Any CPU = Release|Any CPU
	EndGlobalSection
	GlobalSection(ProjectConfigurationPlatforms) = postSolution
		{9A2F0866-EE3C-4C62-957E-E73AA9FA97B4}.Debug|Any CPU.ActiveCfg = Debug|Any CPU
		{9A2F0866-EE3C-4C62-957E-E73AA9FA97B4}.Debug|Any CPU.Build.0 = Debug|Any CPU
		{9A2F0866-EE3C-4C62-957E-E73AA9FA97B4}.Release|Any CPU.ActiveCfg = Release|Any CPU
		{9A2F0866-EE3C-4C62-957E-E73AA9FA97B4}.Release|Any CPU.Build.0 = Release|Any CPU
	EndGlobalSection
	GlobalSection(SolutionProperties) = preSolution
		HideSolutionNode = FALSE
	EndGlobalSection
	GlobalSection(ExtensibilityGlobals) = postSolution
		SolutionGuid = {DBE1A285-B752-49B2-9C9A-8F5F0AA1BF0F}
	EndGlobalSection
EndGlobal
